
Microsoft Visual Studio Solution File, Format Version 12.00
# Visual Studio Version 17
VisualStudioVersion = 17.0.31903.59
MinimumVisualStudioVersion = 10.0.40219.1
Project("{FAE04EC0-301F-11D3-BF4B-00C04F79EFBC}") = "GenericSolution.Domain", "GenericSolution.Domain\GenericSolution.Domain.csproj", "{C60F699D-1C46-4087-B807-3947CB9456E8}"
EndProject
Project("{FAE04EC0-301F-11D3-BF4B-00C04F79EFBC}") = "GenericSolution.DataAccess", "GenericSolution.DataAccess\GenericSolution.DataAccess.csproj", "{96EA3C3C-904E-439D-B944-629BEFB9161D}"
EndProject
Project("{FAE04EC0-301F-11D3-BF4B-00C04F79EFBC}") = "GenericSolution.API", "GenericSolution.API\GenericSolution.API.csproj", "{2EF4E39C-7189-496B-9555-5A921EF396C6}"
EndProject
Global
	GlobalSection(SolutionConfigurationPlatforms) = preSolution
		Debug|Any CPU = Debug|Any CPU
		Debug|x64 = Debug|x64
		Debug|x86 = Debug|x86
		Release|Any CPU = Release|Any CPU
		Release|x64 = Release|x64
		Release|x86 = Release|x86
	EndGlobalSection
	GlobalSection(ProjectConfigurationPlatforms) = postSolution
		{C60F699D-1C46-4087-B807-3947CB9456E8}.Debug|Any CPU.ActiveCfg = Debug|Any CPU
		{C60F699D-1C46-4087-B807-3947CB9456E8}.Debug|Any CPU.Build.0 = Debug|Any CPU
		{C60F699D-1C46-4087-B807-3947CB9456E8}.Debug|x64.ActiveCfg = Debug|Any CPU
		{C60F699D-1C46-4087-B807-3947CB9456E8}.Debug|x64.Build.0 = Debug|Any CPU
		{C60F699D-1C46-4087-B807-3947CB9456E8}.Debug|x86.ActiveCfg = Debug|Any CPU
		{C60F699D-1C46-4087-B807-3947CB9456E8}.Debug|x86.Build.0 = Debug|Any CPU
		{C60F699D-1C46-4087-B807-3947CB9456E8}.Release|Any CPU.ActiveCfg = Release|Any CPU
		{C60F699D-1C46-4087-B807-3947CB9456E8}.Release|Any CPU.Build.0 = Release|Any CPU
		{C60F699D-1C46-4087-B807-3947CB9456E8}.Release|x64.ActiveCfg = Release|Any CPU
		{C60F699D-1C46-4087-B807-3947CB9456E8}.Release|x64.Build.0 = Release|Any CPU
		{C60F699D-1C46-4087-B807-3947CB9456E8}.Release|x86.ActiveCfg = Release|Any CPU
		{C60F699D-1C46-4087-B807-3947CB9456E8}.Release|x86.Build.0 = Release|Any CPU
		{96EA3C3C-904E-439D-B944-629BEFB9161D}.Debug|Any CPU.ActiveCfg = Debug|Any CPU
		{96EA3C3C-904E-439D-B944-629BEFB9161D}.Debug|Any CPU.Build.0 = Debug|Any CPU
		{96EA3C3C-904E-439D-B944-629BEFB9161D}.Debug|x64.ActiveCfg = Debug|Any CPU
		{96EA3C3C-904E-439D-B944-629BEFB9161D}.Debug|x64.Build.0 = Debug|Any CPU
		{96EA3C3C-904E-439D-B944-629BEFB9161D}.Debug|x86.ActiveCfg = Debug|Any CPU
		{96EA3C3C-904E-439D-B944-629BEFB9161D}.Debug|x86.Build.0 = Debug|Any CPU
		{96EA3C3C-904E-439D-B944-629BEFB9161D}.Release|Any CPU.ActiveCfg = Release|Any CPU
		{96EA3C3C-904E-439D-B944-629BEFB9161D}.Release|Any CPU.Build.0 = Release|Any CPU
		{96EA3C3C-904E-439D-B944-629BEFB9161D}.Release|x64.ActiveCfg = Release|Any CPU
		{96EA3C3C-904E-439D-B944-629BEFB9161D}.Release|x64.Build.0 = Release|Any CPU
		{96EA3C3C-904E-439D-B944-629BEFB9161D}.Release|x86.ActiveCfg = Release|Any CPU
		{96EA3C3C-904E-439D-B944-629BEFB9161D}.Release|x86.Build.0 = Release|Any CPU
		{2EF4E39C-7189-496B-9555-5A921EF396C6}.Debug|Any CPU.ActiveCfg = Debug|Any CPU
		{2EF4E39C-7189-496B-9555-5A921EF396C6}.Debug|Any CPU.Build.0 = Debug|Any CPU
		{2EF4E39C-7189-496B-9555-5A921EF396C6}.Debug|x64.ActiveCfg = Debug|Any CPU
		{2EF4E39C-7189-496B-9555-5A921EF396C6}.Debug|x64.Build.0 = Debug|Any CPU
		{2EF4E39C-7189-496B-9555-5A921EF396C6}.Debug|x86.ActiveCfg = Debug|Any CPU
		{2EF4E39C-7189-496B-9555-5A921EF396C6}.Debug|x86.Build.0 = Debug|Any CPU
		{2EF4E39C-7189-496B-9555-5A921EF396C6}.Release|Any CPU.ActiveCfg = Release|Any CPU
		{2EF4E39C-7189-496B-9555-5A921EF396C6}.Release|Any CPU.Build.0 = Release|Any CPU
		{2EF4E39C-7189-496B-9555-5A921EF396C6}.Release|x64.ActiveCfg = Release|Any CPU
		{2EF4E39C-7189-496B-9555-5A921EF396C6}.Release|x64.Build.0 = Release|Any CPU
		{2EF4E39C-7189-496B-9555-5A921EF396C6}.Release|x86.ActiveCfg = Release|Any CPU
		{2EF4E39C-7189-496B-9555-5A921EF396C6}.Release|x86.Build.0 = Release|Any CPU
	EndGlobalSection
	GlobalSection(SolutionProperties) = preSolution
		HideSolutionNode = FALSE
	EndGlobalSection
EndGlobal
